{
  "originHash" : "1573a45f13c1bbf84a13d9770d66b202f661d50a2275a9bfd8dd5e78346ddae8",
  "pins" : [
    {
      "identity" : "adwaita-swift",
      "kind" : "remoteSourceControl",
      "location" : "https://git.aparoksha.dev/aparoksha/adwaita-swift",
      "state" : {
        "branch" : "main",
        "revision" : "d928b464f1d6cc9c08c7a1bd7ea6be7b1cc51ae9"
      }
    },
    {
      "identity" : "csqlite",
      "kind" : "remoteSourceControl",
      "location" : "https://github.com/stephencelis/CSQLite",
      "state" : {
        "revision" : "bdb5580e54cdf49251b365ea34e2651199473240",
        "version" : "3.50.4"
      }
    },
    {
      "identity" : "levenshtein-transformations",
      "kind" : "remoteSourceControl",
      "location" : "https://git.aparoksha.dev/aparoksha/levenshtein-transformations",
      "state" : {
        "branch" : "main",
        "revision" : "06577a2c4c6419ed859e34a8fb7be87a3b8975da"
      }
    },
    {
      "identity" : "meta",
      "kind" : "remoteSourceControl",
      "location" : "https://git.aparoksha.dev/aparoksha/meta",
      "state" : {
        "branch" : "main",
        "revision" : "f47727df52b1c2b36dec5df1c2bd10dc63e4c7d6"
      }
    },
    {
      "identity" : "meta-sqlite",
      "kind" : "remoteSourceControl",
      "location" : "https://git.aparoksha.dev/aparoksha/meta-sqlite",
      "state" : {
        "branch" : "main",
        "revision" : "6e7940c06a5ac92b10faf5c62b19fb6a02aea59c"
      }
    },
    {
      "identity" : "sqlite.swift",
      "kind" : "remoteSourceControl",
      "location" : "https://github.com/stephencelis/SQLite.swift",
      "state" : {
        "revision" : "964c300fb0736699ce945c9edb56ecd62eba27a3",
        "version" : "0.16.0"
      }
    },
    {
      "identity" : "swift-atomics",
      "kind" : "remoteSourceControl",
      "location" : "https://github.com/apple/swift-atomics",
      "state" : {
        "revision" : "cd142fd2f64be2100422d658e7411e39489da985",
        "version" : "1.2.0"
      }
    },
    {
      "identity" : "swift-dns-service-discovery",
      "kind" : "remoteSourceControl",
      "location" : "https://github.com/fwcd/swift-dns-service-discovery",
      "state" : {
        "branch" : "main",
        "revision" : "70474be35b33540c771db83ec0e173de6f882814"
      }
    },
    {
      "identity" : "swift-log",
      "kind" : "remoteSourceControl",
      "location" : "https://github.com/apple/swift-log",
      "state" : {
        "revision" : "9cb486020ebf03bfa5b5df985387a14a98744537",
        "version" : "1.6.1"
      }
    },
    {
      "identity" : "swift-service-discovery",
      "kind" : "remoteSourceControl",
      "location" : "https://github.com/apple/swift-service-discovery.git",
      "state" : {
        "revision" : "78cfea3cc8559f86f3db704597c39e5ce27c05be",
        "version" : "1.3.0"
      }
    }
  ],
  "version" : 3
}
