{
  "originHash" : "f7f659f536e6c21818112300cf4ac2e1a18e3c3efa7ed1f5f400e91b7fad233c",
  "pins" : [
    {
      "identity" : "adwaita-swift",
      "kind" : "remoteSourceControl",
      "location" : "https://git.aparoksha.dev/aparoksha/adwaita-swift",
      "state" : {
        "branch" : "main",
        "revision" : "d928b464f1d6cc9c08c7a1bd7ea6be7b1cc51ae9"
      }
    },
    {
      "identity" : "csqlite",
      "kind" : "remoteSourceControl",
      "location" : "https://github.com/stephencelis/CSQLite",
      "state" : {
        "revision" : "bdb5580e54cdf49251b365ea34e2651199473240",
        "version" : "3.50.4"
      }
    },
    {
      "identity" : "levenshtein-transformations",
      "kind" : "remoteSourceControl",
      "location" : "https://git.aparoksha.dev/aparoksha/levenshtein-transformations",
      "state" : {
        "branch" : "main",
        "revision" : "06577a2c4c6419ed859e34a8fb7be87a3b8975da"
      }
    },
    {
      "identity" : "meta",
      "kind" : "remoteSourceControl",
      "location" : "https://git.aparoksha.dev/aparoksha/meta",
      "state" : {
        "branch" : "main",
        "revision" : "f47727df52b1c2b36dec5df1c2bd10dc63e4c7d6"
      }
    },
    {
      "identity" : "meta-sqlite",
      "kind" : "remoteSourceControl",
      "location" : "https://git.aparoksha.dev/aparoksha/meta-sqlite",
      "state" : {
        "branch" : "main",
        "revision" : "6e7940c06a5ac92b10faf5c62b19fb6a02aea59c"
      }
    },
    {
      "identity" : "sqlite.swift",
      "kind" : "remoteSourceControl",
      "location" : "https://github.com/stephencelis/SQLite.swift",
      "state" : {
        "revision" : "964c300fb0736699ce945c9edb56ecd62eba27a3",
        "version" : "0.16.0"
      }
    },
    {
      "identity" : "swift-atomics",
      "kind" : "remoteSourceControl",
      "location" : "https://github.com/apple/swift-atomics",
      "state" : {
        "revision" : "b601256eab081c0f92f059e12818ac1d4f178ff7",
        "version" : "1.3.0"
      }
    },
    {
      "identity" : "swift-dns-service-discovery",
      "kind" : "remoteSourceControl",
      "location" : "https://github.com/fwcd/swift-dns-service-discovery",
      "state" : {
        "branch" : "linux",
        "revision" : "4e82893757822937791d9df3577d81b907fb34bc"
      }
    },
    {
      "identity" : "swift-log",
      "kind" : "remoteSourceControl",
      "location" : "https://github.com/apple/swift-log",
      "state" : {
        "revision" : "8c0f217f01000dd30f60d6e536569ad4e74291f9",
        "version" : "1.11.0"
      }
    },
    {
      "identity" : "swift-service-discovery",
      "kind" : "remoteSourceControl",
      "location" : "https://github.com/apple/swift-service-discovery.git",
      "state" : {
        "revision" : "32943ab3fd279d834e2662882286c865c9d58a5e",
        "version" : "1.4.1"
      }
    }
  ],
  "version" : 3
}
