{
  "originHash" : "f9aed1c96f0e5d7c081e7fcecca5dc7c64bc86ba8a33b45bf2bc3fe0c296f507",
  "pins" : [
    {
      "identity" : "swift-adwaita",
      "kind" : "remoteSourceControl",
      "location" : "https://github.com/makoni/swift-adwaita.git",
      "state" : {
        "branch" : "main",
        "revision" : "f095b3784286476fcb7a220b16fdad9fcddf10f0"
      }
    },
    {
      "identity" : "swift-atomics",
      "kind" : "remoteSourceControl",
      "location" : "https://github.com/apple/swift-atomics",
      "state" : {
        "revision" : "cd142fd2f64be2100422d658e7411e39489da985",
        "version" : "1.2.0"
      }
    },
    {
      "identity" : "swift-dns-service-discovery",
      "kind" : "remoteSourceControl",
      "location" : "https://github.com/fwcd/swift-dns-service-discovery",
      "state" : {
        "branch" : "main",
        "revision" : "70474be35b33540c771db83ec0e173de6f882814"
      }
    },
    {
      "identity" : "swift-log",
      "kind" : "remoteSourceControl",
      "location" : "https://github.com/apple/swift-log",
      "state" : {
        "revision" : "9cb486020ebf03bfa5b5df985387a14a98744537",
        "version" : "1.6.1"
      }
    },
    {
      "identity" : "swift-service-discovery",
      "kind" : "remoteSourceControl",
      "location" : "https://github.com/apple/swift-service-discovery.git",
      "state" : {
        "revision" : "78cfea3cc8559f86f3db704597c39e5ce27c05be",
        "version" : "1.3.0"
      }
    }
  ],
  "version" : 3
}
